
Microsoft Visual Studio Solution File, Format Version 12.00
# Visual Studio Version 17
VisualStudioVersion = 17.3.32922.545
MinimumVisualStudioVersion = 10.0.40219.1
Project("{9A19103F-16F7-4668-BE54-9A1E7A4F7556}") = "704. Binary Search", "704. Binary Search\704. Binary Search.csproj", "{91B4EF36-81BE-44BE-882E-94339B6FA21F}"
EndProject
Project("{9A19103F-16F7-4668-BE54-9A1E7A4F7556}") = "278. First Bad Version", "278. First Bad Version\278. First Bad Version.csproj", "{05E9CFAA-B39E-4E9C-9EFD-EDFDFDC737EC}"
EndProject
Project("{9A19103F-16F7-4668-BE54-9A1E7A4F7556}") = "35. Search Insert Position", "35. Search Insert Position\35. Search Insert Position.csproj", "{DEB52FAB-D55D-4096-9347-2E4FB326A056}"
EndProject
Project("{9A19103F-16F7-4668-BE54-9A1E7A4F7556}") = "217. Contains Duplicate", "217. Contains Duplicate\217. Contains Duplicate.csproj", "{2F3B8E31-031F-491D-82E6-4E94964AC3F0}"
EndProject
Project("{9A19103F-16F7-4668-BE54-9A1E7A4F7556}") = "1480. Running Sum of 1d Array", "1480. Running Sum of 1d Array\1480. Running Sum of 1d Array.csproj", "{DCDBE913-3DA2-420F-9443-20AB67ADBADE}"
EndProject
Project("{9A19103F-16F7-4668-BE54-9A1E7A4F7556}") = "977. Squares of a Sorted Array", "977. Squares of a Sorted Array\977. Squares of a Sorted Array.csproj", "{BE8B3BC6-F2EA-4623-B115-80FC66C88C41}"
EndProject
Project("{9A19103F-16F7-4668-BE54-9A1E7A4F7556}") = "283. Move Zeroes", "283. Move Zeroes\283. Move Zeroes.csproj", "{5232C924-88D1-4FF8-BFDB-5E02B6F73E26}"
EndProject
Project("{9A19103F-16F7-4668-BE54-9A1E7A4F7556}") = "189. Rotate Array", "189. Rotate Array\189. Rotate Array.csproj", "{AF6FEBF4-E93A-4299-AFC9-3685351E9765}"
EndProject
Project("{9A19103F-16F7-4668-BE54-9A1E7A4F7556}") = "724. Find Pivot Index", "724. Find Pivot Index\724. Find Pivot Index.csproj", "{92D1DA7B-E387-40E0-B855-AD9C5AC7F371}"
EndProject
Project("{FAE04EC0-301F-11D3-BF4B-00C04F79EFBC}") = "167. Two Sum II - Input Array Is Sorted", "167. Two Sum II - Input Array Is Sorted\167. Two Sum II - Input Array Is Sorted.csproj", "{A6FB0CC4-D180-48EC-ABDF-9DF0959CA33C}"
EndProject
Project("{FAE04EC0-301F-11D3-BF4B-00C04F79EFBC}") = "344. Reverse String", "344. Reverse String\344. Reverse String.csproj", "{D55CC0D0-2329-43B8-8702-8283D7B89FB3}"
EndProject
Project("{FAE04EC0-301F-11D3-BF4B-00C04F79EFBC}") = "557. Reverse Words in a String III", "557. Reverse Words in a String III\557. Reverse Words in a String III.csproj", "{AB1796FB-6344-43D5-99A4-D5D76805A3EF}"
EndProject
Global
	GlobalSection(SolutionConfigurationPlatforms) = preSolution
		Debug|Any CPU = Debug|Any CPU
		Release|Any CPU = Release|Any CPU
	EndGlobalSection
	GlobalSection(ProjectConfigurationPlatforms) = postSolution
		{91B4EF36-81BE-44BE-882E-94339B6FA21F}.Debug|Any CPU.ActiveCfg = Debug|Any CPU
		{91B4EF36-81BE-44BE-882E-94339B6FA21F}.Debug|Any CPU.Build.0 = Debug|Any CPU
		{91B4EF36-81BE-44BE-882E-94339B6FA21F}.Release|Any CPU.ActiveCfg = Release|Any CPU
		{91B4EF36-81BE-44BE-882E-94339B6FA21F}.Release|Any CPU.Build.0 = Release|Any CPU
		{05E9CFAA-B39E-4E9C-9EFD-EDFDFDC737EC}.Debug|Any CPU.ActiveCfg = Debug|Any CPU
		{05E9CFAA-B39E-4E9C-9EFD-EDFDFDC737EC}.Debug|Any CPU.Build.0 = Debug|Any CPU
		{05E9CFAA-B39E-4E9C-9EFD-EDFDFDC737EC}.Release|Any CPU.ActiveCfg = Release|Any CPU
		{05E9CFAA-B39E-4E9C-9EFD-EDFDFDC737EC}.Release|Any CPU.Build.0 = Release|Any CPU
		{DEB52FAB-D55D-4096-9347-2E4FB326A056}.Debug|Any CPU.ActiveCfg = Debug|Any CPU
		{DEB52FAB-D55D-4096-9347-2E4FB326A056}.Debug|Any CPU.Build.0 = Debug|Any CPU
		{DEB52FAB-D55D-4096-9347-2E4FB326A056}.Release|Any CPU.ActiveCfg = Release|Any CPU
		{DEB52FAB-D55D-4096-9347-2E4FB326A056}.Release|Any CPU.Build.0 = Release|Any CPU
		{2F3B8E31-031F-491D-82E6-4E94964AC3F0}.Debug|Any CPU.ActiveCfg = Debug|Any CPU
		{2F3B8E31-031F-491D-82E6-4E94964AC3F0}.Debug|Any CPU.Build.0 = Debug|Any CPU
		{2F3B8E31-031F-491D-82E6-4E94964AC3F0}.Release|Any CPU.ActiveCfg = Release|Any CPU
		{2F3B8E31-031F-491D-82E6-4E94964AC3F0}.Release|Any CPU.Build.0 = Release|Any CPU
		{DCDBE913-3DA2-420F-9443-20AB67ADBADE}.Debug|Any CPU.ActiveCfg = Debug|Any CPU
		{DCDBE913-3DA2-420F-9443-20AB67ADBADE}.Debug|Any CPU.Build.0 = Debug|Any CPU
		{DCDBE913-3DA2-420F-9443-20AB67ADBADE}.Release|Any CPU.ActiveCfg = Release|Any CPU
		{DCDBE913-3DA2-420F-9443-20AB67ADBADE}.Release|Any CPU.Build.0 = Release|Any CPU
		{BE8B3BC6-F2EA-4623-B115-80FC66C88C41}.Debug|Any CPU.ActiveCfg = Debug|Any CPU
		{BE8B3BC6-F2EA-4623-B115-80FC66C88C41}.Debug|Any CPU.Build.0 = Debug|Any CPU
		{BE8B3BC6-F2EA-4623-B115-80FC66C88C41}.Release|Any CPU.ActiveCfg = Release|Any CPU
		{BE8B3BC6-F2EA-4623-B115-80FC66C88C41}.Release|Any CPU.Build.0 = Release|Any CPU
		{5232C924-88D1-4FF8-BFDB-5E02B6F73E26}.Debug|Any CPU.ActiveCfg = Debug|Any CPU
		{5232C924-88D1-4FF8-BFDB-5E02B6F73E26}.Debug|Any CPU.Build.0 = Debug|Any CPU
		{5232C924-88D1-4FF8-BFDB-5E02B6F73E26}.Release|Any CPU.ActiveCfg = Release|Any CPU
		{5232C924-88D1-4FF8-BFDB-5E02B6F73E26}.Release|Any CPU.Build.0 = Release|Any CPU
		{AF6FEBF4-E93A-4299-AFC9-3685351E9765}.Debug|Any CPU.ActiveCfg = Debug|Any CPU
		{AF6FEBF4-E93A-4299-AFC9-3685351E9765}.Debug|Any CPU.Build.0 = Debug|Any CPU
		{AF6FEBF4-E93A-4299-AFC9-3685351E9765}.Release|Any CPU.ActiveCfg = Release|Any CPU
		{AF6FEBF4-E93A-4299-AFC9-3685351E9765}.Release|Any CPU.Build.0 = Release|Any CPU
		{92D1DA7B-E387-40E0-B855-AD9C5AC7F371}.Debug|Any CPU.ActiveCfg = Debug|Any CPU
		{92D1DA7B-E387-40E0-B855-AD9C5AC7F371}.Debug|Any CPU.Build.0 = Debug|Any CPU
		{92D1DA7B-E387-40E0-B855-AD9C5AC7F371}.Release|Any CPU.ActiveCfg = Release|Any CPU
		{92D1DA7B-E387-40E0-B855-AD9C5AC7F371}.Release|Any CPU.Build.0 = Release|Any CPU
		{A6FB0CC4-D180-48EC-ABDF-9DF0959CA33C}.Debug|Any CPU.ActiveCfg = Debug|Any CPU
		{A6FB0CC4-D180-48EC-ABDF-9DF0959CA33C}.Debug|Any CPU.Build.0 = Debug|Any CPU
		{A6FB0CC4-D180-48EC-ABDF-9DF0959CA33C}.Release|Any CPU.ActiveCfg = Release|Any CPU
		{A6FB0CC4-D180-48EC-ABDF-9DF0959CA33C}.Release|Any CPU.Build.0 = Release|Any CPU
		{D55CC0D0-2329-43B8-8702-8283D7B89FB3}.Debug|Any CPU.ActiveCfg = Debug|Any CPU
		{D55CC0D0-2329-43B8-8702-8283D7B89FB3}.Debug|Any CPU.Build.0 = Debug|Any CPU
		{D55CC0D0-2329-43B8-8702-8283D7B89FB3}.Release|Any CPU.ActiveCfg = Release|Any CPU
		{D55CC0D0-2329-43B8-8702-8283D7B89FB3}.Release|Any CPU.Build.0 = Release|Any CPU
		{AB1796FB-6344-43D5-99A4-D5D76805A3EF}.Debug|Any CPU.ActiveCfg = Debug|Any CPU
		{AB1796FB-6344-43D5-99A4-D5D76805A3EF}.Debug|Any CPU.Build.0 = Debug|Any CPU
		{AB1796FB-6344-43D5-99A4-D5D76805A3EF}.Release|Any CPU.ActiveCfg = Release|Any CPU
		{AB1796FB-6344-43D5-99A4-D5D76805A3EF}.Release|Any CPU.Build.0 = Release|Any CPU
	EndGlobalSection
	GlobalSection(SolutionProperties) = preSolution
		HideSolutionNode = FALSE
	EndGlobalSection
	GlobalSection(ExtensibilityGlobals) = postSolution
		SolutionGuid = {CFBEAB6E-2A36-4523-96C4-CC6056F87915}
	EndGlobalSection
EndGlobal
