
Microsoft Visual Studio Solution File, Format Version 12.00
# Visual Studio Version 17
VisualStudioVersion = 17.3.32922.545
MinimumVisualStudioVersion = 10.0.40219.1
Project("{FAE04EC0-301F-11D3-BF4B-00C04F79EFBC}") = "704. Binary Search", "704. Binary Search\704. Binary Search.csproj", "{91B4EF36-81BE-44BE-882E-94339B6FA21F}"
EndProject
Global
	GlobalSection(SolutionConfigurationPlatforms) = preSolution
		Debug|Any CPU = Debug|Any CPU
		Release|Any CPU = Release|Any CPU
	EndGlobalSection
	GlobalSection(ProjectConfigurationPlatforms) = postSolution
		{91B4EF36-81BE-44BE-882E-94339B6FA21F}.Debug|Any CPU.ActiveCfg = Debug|Any CPU
		{91B4EF36-81BE-44BE-882E-94339B6FA21F}.Debug|Any CPU.Build.0 = Debug|Any CPU
		{91B4EF36-81BE-44BE-882E-94339B6FA21F}.Release|Any CPU.ActiveCfg = Release|Any CPU
		{91B4EF36-81BE-44BE-882E-94339B6FA21F}.Release|Any CPU.Build.0 = Release|Any CPU
	EndGlobalSection
	GlobalSection(SolutionProperties) = preSolution
		HideSolutionNode = FALSE
	EndGlobalSection
	GlobalSection(ExtensibilityGlobals) = postSolution
		SolutionGuid = {CFBEAB6E-2A36-4523-96C4-CC6056F87915}
	EndGlobalSection
EndGlobal
